
Microsoft Visual Studio Solution File, Format Version 12.00
# Visual Studio Version 17
VisualStudioVersion = 17.0.31903.59
MinimumVisualStudioVersion = 10.0.40219.1

Project("{2150E333-8FDC-42A3-9474-1A3956D46DE8}") = "src", "src", "{8BC9CEB8-8B4A-11D0-8D11-00A0C91BC942}"
EndProject
Project("{2150E333-8FDC-42A3-9474-1A3956D46DE8}") = "Libraries", "Libraries", "{A8BC9CEB-8B4A-11D0-8D11-00A0C91BC942}"
EndProject
Project("{2150E333-8FDC-42A3-9474-1A3956D46DE8}") = "Data", "Data", "{B8BC9CEB-8B4A-11D0-8D11-00A0C91BC942}"
EndProject
Project("{2150E333-8FDC-42A3-9474-1A3956D46DE8}") = "Dto", "Dto", "{C8BC9CEB-8B4A-11D0-8D11-00A0C91BC942}"
EndProject
Project("{2150E333-8FDC-42A3-9474-1A3956D46DE8}") = "Mssql", "Mssql", "{D8BC9CEB-8B4A-11D0-8D11-00A0C91BC942}"
EndProject
Project("{2150E333-8FDC-42A3-9474-1A3956D46DE8}") = "Mssql.Services", "Mssql.Services", "{E8BC9CEB-8B4A-11D0-8D11-00A0C91BC942}"
EndProject
Project("{2150E333-8FDC-42A3-9474-1A3956D46DE8}") = "Presentation", "Presentation", "{F8BC9CEB-8B4A-11D0-8D11-00A0C91BC942}"
EndProject
Project("{2150E333-8FDC-42A3-9474-1A3956D46DE8}") = "Api", "Api", "{18BC9CEB-8B4A-11D0-8D11-00A0C91BC942}"
EndProject
Project("{FAE04EC0-301F-11D3-BF4B-00C04F79EFBC}") = "SmartCodeReview.Data.Mssql", "src\Libraries\Data\SmartCodeReview.Data.Mssql\SmartCodeReview.Data.Mssql.csproj", "{28BC9CEB-8B4A-11D0-8D11-00A0C91BC942}"
EndProject
Project("{FAE04EC0-301F-11D3-BF4B-00C04F79EFBC}") = "SmartCodeReview.Dto.Mssql", "src\Libraries\Dto\SmartCodeReview.Dto.Mssql\SmartCodeReview.Dto.Mssql.csproj", "{38BC9CEB-8B4A-11D0-8D11-00A0C91BC942}"
EndProject
Project("{FAE04EC0-301F-11D3-BF4B-00C04F79EFBC}") = "SmartCodeReview.Mssql", "src\Libraries\Mssql\SmartCodeReview.Mssql\SmartCodeReview.Mssql.csproj", "{48BC9CEB-8B4A-11D0-8D11-00A0C91BC942}"
EndProject
Project("{FAE04EC0-301F-11D3-BF4B-00C04F79EFBC}") = "SmartCodeReview.Mssql.Services", "src\Libraries\Mssql.Services\SmartCodeReview.Mssql.Services\SmartCodeReview.Mssql.Services.csproj", "{58BC9CEB-8B4A-11D0-8D11-00A0C91BC942}"
EndProject
Project("{FAE04EC0-301F-11D3-BF4B-00C04F79EFBC}") = "SmartCodeReview.Api", "src\Presentation\Api\SmartCodeReview.Api\SmartCodeReview.Api.csproj", "{68BC9CEB-8B4A-11D0-8D11-00A0C91BC942}"
EndProject

Global
	GlobalSection(SolutionConfigurationPlatforms) = preSolution
		Debug|Any CPU = Debug|Any CPU
		Release|Any CPU = Release|Any CPU
	EndGlobalSection
	GlobalSection(ProjectConfigurationPlatforms) = postSolution
		{28BC9CEB-8B4A-11D0-8D11-00A0C91BC942}.Debug|Any CPU.ActiveCfg = Debug|Any CPU
		{28BC9CEB-8B4A-11D0-8D11-00A0C91BC942}.Debug|Any CPU.Build.0 = Debug|Any CPU
		{28BC9CEB-8B4A-11D0-8D11-00A0C91BC942}.Release|Any CPU.ActiveCfg = Release|Any CPU
		{28BC9CEB-8B4A-11D0-8D11-00A0C91BC942}.Release|Any CPU.Build.0 = Release|Any CPU
		{38BC9CEB-8B4A-11D0-8D11-00A0C91BC942}.Debug|Any CPU.ActiveCfg = Debug|Any CPU
		{38BC9CEB-8B4A-11D0-8D11-00A0C91BC942}.Debug|Any CPU.Build.0 = Debug|Any CPU
		{38BC9CEB-8B4A-11D0-8D11-00A0C91BC942}.Release|Any CPU.ActiveCfg = Release|Any CPU
		{38BC9CEB-8B4A-11D0-8D11-00A0C91BC942}.Release|Any CPU.Build.0 = Release|Any CPU
		{48BC9CEB-8B4A-11D0-8D11-00A0C91BC942}.Debug|Any CPU.ActiveCfg = Debug|Any CPU
		{48BC9CEB-8B4A-11D0-8D11-00A0C91BC942}.Debug|Any CPU.Build.0 = Debug|Any CPU
		{48BC9CEB-8B4A-11D0-8D11-00A0C91BC942}.Release|Any CPU.ActiveCfg = Release|Any CPU
		{48BC9CEB-8B4A-11D0-8D11-00A0C91BC942}.Release|Any CPU.Build.0 = Release|Any CPU
		{58BC9CEB-8B4A-11D0-8D11-00A0C91BC942}.Debug|Any CPU.ActiveCfg = Debug|Any CPU
		{58BC9CEB-8B4A-11D0-8D11-00A0C91BC942}.Debug|Any CPU.Build.0 = Debug|Any CPU
		{58BC9CEB-8B4A-11D0-8D11-00A0C91BC942}.Release|Any CPU.ActiveCfg = Release|Any CPU
		{58BC9CEB-8B4A-11D0-8D11-00A0C91BC942}.Release|Any CPU.Build.0 = Release|Any CPU
		{68BC9CEB-8B4A-11D0-8D11-00A0C91BC942}.Debug|Any CPU.ActiveCfg = Debug|Any CPU
		{68BC9CEB-8B4A-11D0-8D11-00A0C91BC942}.Debug|Any CPU.Build.0 = Debug|Any CPU
		{68BC9CEB-8B4A-11D0-8D11-00A0C91BC942}.Release|Any CPU.ActiveCfg = Release|Any CPU
		{68BC9CEB-8B4A-11D0-8D11-00A0C91BC942}.Release|Any CPU.Build.0 = Release|Any CPU
	EndGlobalSection
	GlobalSection(NestedProjects) = preSolution
		{A8BC9CEB-8B4A-11D0-8D11-00A0C91BC942} = {8BC9CEB8-8B4A-11D0-8D11-00A0C91BC942}
		{B8BC9CEB-8B4A-11D0-8D11-00A0C91BC942} = {A8BC9CEB-8B4A-11D0-8D11-00A0C91BC942}
		{C8BC9CEB-8B4A-11D0-8D11-00A0C91BC942} = {A8BC9CEB-8B4A-11D0-8D11-00A0C91BC942}
		{D8BC9CEB-8B4A-11D0-8D11-00A0C91BC942} = {A8BC9CEB-8B4A-11D0-8D11-00A0C91BC942}
		{E8BC9CEB-8B4A-11D0-8D11-00A0C91BC942} = {A8BC9CEB-8B4A-11D0-8D11-00A0C91BC942}
		{F8BC9CEB-8B4A-11D0-8D11-00A0C91BC942} = {8BC9CEB8-8B4A-11D0-8D11-00A0C91BC942}
		{18BC9CEB-8B4A-11D0-8D11-00A0C91BC942} = {F8BC9CEB-8B4A-11D0-8D11-00A0C91BC942}
		{28BC9CEB-8B4A-11D0-8D11-00A0C91BC942} = {B8BC9CEB-8B4A-11D0-8D11-00A0C91BC942}
		{38BC9CEB-8B4A-11D0-8D11-00A0C91BC942} = {C8BC9CEB-8B4A-11D0-8D11-00A0C91BC942}
		{48BC9CEB-8B4A-11D0-8D11-00A0C91BC942} = {D8BC9CEB-8B4A-11D0-8D11-00A0C91BC942}
		{58BC9CEB-8B4A-11D0-8D11-00A0C91BC942} = {E8BC9CEB-8B4A-11D0-8D11-00A0C91BC942}
		{68BC9CEB-8B4A-11D0-8D11-00A0C91BC942} = {18BC9CEB-8B4A-11D0-8D11-00A0C91BC942}
	EndGlobalSection
EndGlobal

